
Microsoft Visual Studio Solution File, Format Version 12.00
# Visual Studio Version 16
VisualStudioVersion = 16.0.31911.196
MinimumVisualStudioVersion = 10.0.40219.1
Project("{FAE04EC0-301F-11D3-BF4B-00C04F79EFBC}") = "PracticalEAP", "PracticalEAP\PracticalEAP.csproj", "{CA623B94-F7AC-4F7C-8D9F-733E56E8B3B2}"
EndProject
Global
	GlobalSection(SolutionConfigurationPlatforms) = preSolution
		Debug|Any CPU = Debug|Any CPU
		Release|Any CPU = Release|Any CPU
	EndGlobalSection
	GlobalSection(ProjectConfigurationPlatforms) = postSolution
		{CA623B94-F7AC-4F7C-8D9F-733E56E8B3B2}.Debug|Any CPU.ActiveCfg = Debug|Any CPU
		{CA623B94-F7AC-4F7C-8D9F-733E56E8B3B2}.Debug|Any CPU.Build.0 = Debug|Any CPU
		{CA623B94-F7AC-4F7C-8D9F-733E56E8B3B2}.Release|Any CPU.ActiveCfg = Release|Any CPU
		{CA623B94-F7AC-4F7C-8D9F-733E56E8B3B2}.Release|Any CPU.Build.0 = Release|Any CPU
	EndGlobalSection
	GlobalSection(SolutionProperties) = preSolution
		HideSolutionNode = FALSE
	EndGlobalSection
	GlobalSection(ExtensibilityGlobals) = postSolution
		SolutionGuid = {F9CBA754-FE90-4D09-A595-018A81F6547D}
	EndGlobalSection
EndGlobal
